{
  "name": "distinct_color_generator",
  "version": "1.0.0",
  "lockfileVersion": 2,
  "requires": true,
  "packages": {
    "": {
      "name": "distinct_color_generator",
      "version": "1.0.0",
      "license": "ISC"
    },
    "../../../../AppData/Roaming/npm/node_modules/color-mixer": {
      "version": "1.0.0",
      "extraneous": true,
      "license": "MIT"
    }
  }
}
