{
  "name": "distinct_color_generator",
  "version": "1.0.0",
  "lockfileVersion": 2,
  "requires": true,
  "packages": {
    "": {
      "name": "distinct_color_generator",
      "version": "1.0.0",
      "license": "ISC",
      "dependencies": {
        "iwanthue": "^2.0.0"
      }
    },
    "../../../../AppData/Roaming/npm/node_modules/color-mixer": {
      "version": "1.0.0",
      "extraneous": true,
      "license": "MIT"
    },
    "node_modules/iwanthue": {
      "version": "2.0.0",
      "resolved": "https://registry.npmjs.org/iwanthue/-/iwanthue-2.0.0.tgz",
      "integrity": "sha512-baARnKbEygsic78ekXFxvEfVyiWPchkeoUYy6StEhjF4ayCanBZQhEiXlzPXIUXtgVCYyvwex0dnw1Ghg8UCCg==",
      "dependencies": {
        "obliterator": "^2.0.3"
      }
    },
    "node_modules/obliterator": {
      "version": "2.0.4",
      "resolved": "https://registry.npmjs.org/obliterator/-/obliterator-2.0.4.tgz",
      "integrity": "sha512-lgHwxlxV1qIg1Eap7LgIeoBWIMFibOjbrYPIPJZcI1mmGAI2m3lNYpK12Y+GBdPQ0U1hRwSord7GIaawz962qQ=="
    }
  },
  "dependencies": {
    "iwanthue": {
      "version": "2.0.0",
      "resolved": "https://registry.npmjs.org/iwanthue/-/iwanthue-2.0.0.tgz",
      "integrity": "sha512-baARnKbEygsic78ekXFxvEfVyiWPchkeoUYy6StEhjF4ayCanBZQhEiXlzPXIUXtgVCYyvwex0dnw1Ghg8UCCg==",
      "requires": {
        "obliterator": "^2.0.3"
      }
    },
    "obliterator": {
      "version": "2.0.4",
      "resolved": "https://registry.npmjs.org/obliterator/-/obliterator-2.0.4.tgz",
      "integrity": "sha512-lgHwxlxV1qIg1Eap7LgIeoBWIMFibOjbrYPIPJZcI1mmGAI2m3lNYpK12Y+GBdPQ0U1hRwSord7GIaawz962qQ=="
    }
  }
}
